lockfileVersion: '6.0'

settings:
  autoInstallPeers: true
  excludeLinksFromLockfile: false

dependencies:
  '@tsconfig/node18':
    specifier: ^18.2.0
    version: 18.2.0

packages:

  /@tsconfig/node18@18.2.0:
    resolution: {integrity: sha512-yhxwIlFVSVcMym3O31HoMnRXpoenmpIxcj4Yoes2DUpe+xCJnA7ECQP1Vw889V0jTt/2nzvpLQ/UuMYCd3JPIg==}
    dev: false
